
Microsoft Visual Studio Solution File, Format Version 12.00
# Visual Studio Version 17
VisualStudioVersion = 17.11.35327.3
MinimumVisualStudioVersion = 10.0.40219.1
Project("{FAE04EC0-301F-11D3-BF4B-00C04F79EFBC}") = "OOP Day1_opg3", "OOP Day1_opg3.csproj", "{9F7C63C1-FB9D-472B-8108-80CCF596E98C}"
EndProject
Global
	GlobalSection(SolutionConfigurationPlatforms) = preSolution
		Debug|Any CPU = Debug|Any CPU
		Release|Any CPU = Release|Any CPU
	EndGlobalSection
	GlobalSection(ProjectConfigurationPlatforms) = postSolution
		{9F7C63C1-FB9D-472B-8108-80CCF596E98C}.Debug|Any CPU.ActiveCfg = Debug|Any CPU
		{9F7C63C1-FB9D-472B-8108-80CCF596E98C}.Debug|Any CPU.Build.0 = Debug|Any CPU
		{9F7C63C1-FB9D-472B-8108-80CCF596E98C}.Release|Any CPU.ActiveCfg = Release|Any CPU
		{9F7C63C1-FB9D-472B-8108-80CCF596E98C}.Release|Any CPU.Build.0 = Release|Any CPU
	EndGlobalSection
	GlobalSection(SolutionProperties) = preSolution
		HideSolutionNode = FALSE
	EndGlobalSection
	GlobalSection(ExtensibilityGlobals) = postSolution
		SolutionGuid = {60CDB3BD-1041-4AFB-81FF-7011D61F4EE2}
	EndGlobalSection
EndGlobal
